// !$*UTF8*$!
{
	archiveVersion = 1;
	classes = {
	};
	objectVersion = 55;
	objects = {

/* Begin PBXBuildFile section */
		7F3A6829286B3C1A0025418B /* GalleryViewController.swift in Sources */ = {isa = PBXBuildFile; fileRef = 7F3A6827286B3C1A0025418B /* GalleryViewController.swift */; };
		7F3A682A286B3C1A0025418B /* GalleryViewController.xib in Resources */ = {isa = PBXBuildFile; fileRef = 7F3A6828286B3C1A0025418B /* GalleryViewController.xib */; };
		7F3A682D286B3C240025418B /* GalleryModel.swift in Sources */ = {isa = PBXBuildFile; fileRef = 7F3A682B286B3C240025418B /* GalleryModel.swift */; };
		7F3A682E286B3C240025418B /* GalleryView.swift in Sources */ = {isa = PBXBuildFile; fileRef = 7F3A682C286B3C240025418B /* GalleryView.swift */; };
		7F3A6832286B3C3B0025418B /* AnimalImagesCollectionViewCell.xib in Resources */ = {isa = PBXBuildFile; fileRef = 7F3A6830286B3C3B0025418B /* AnimalImagesCollectionViewCell.xib */; };
		7F3A6833286B3C3B0025418B /* AnimalImagesCollectionViewCell.swift in Sources */ = {isa = PBXBuildFile; fileRef = 7F3A6831286B3C3B0025418B /* AnimalImagesCollectionViewCell.swift */; };
		7F3A6837286B3C750025418B /* BannerCollectionViewCell.swift in Sources */ = {isa = PBXBuildFile; fileRef = 7F3A6835286B3C750025418B /* BannerCollectionViewCell.swift */; };
		7F3A6838286B3C750025418B /* BannerCollectionViewCell.xib in Resources */ = {isa = PBXBuildFile; fileRef = 7F3A6836286B3C750025418B /* BannerCollectionViewCell.xib */; };
		7F3A6845286CA04F0025418B /* giraffe.mp4 in Resources */ = {isa = PBXBuildFile; fileRef = 7F3A6840286C9CB20025418B /* giraffe.mp4 */; };
		7F3A6846286CA0570025418B /* gorilla.mp4 in Resources */ = {isa = PBXBuildFile; fileRef = 7F3A683D286C9CB20025418B /* gorilla.mp4 */; };
		7F3A6847286CA0570025418B /* lioness.mp4 in Resources */ = {isa = PBXBuildFile; fileRef = 7F3A683C286C9CB20025418B /* lioness.mp4 */; };
		7F3A6848286CA0570025418B /* rhino.mp4 in Resources */ = {isa = PBXBuildFile; fileRef = 7F3A683B286C9CB20025418B /* rhino.mp4 */; };
		7F3A6849286CA0570025418B /* hippo.mp4 in Resources */ = {isa = PBXBuildFile; fileRef = 7F3A6844286C9CB30025418B /* hippo.mp4 */; };
		7F3A684A286CA0570025418B /* ostrich.mp4 in Resources */ = {isa = PBXBuildFile; fileRef = 7F3A683E286C9CB20025418B /* ostrich.mp4 */; };
		7F3A684C286CA0570025418B /* lion.mp4 in Resources */ = {isa = PBXBuildFile; fileRef = 7F3A683F286C9CB20025418B /* lion.mp4 */; };
		7F3A684D286CA0570025418B /* zebra.mp4 in Resources */ = {isa = PBXBuildFile; fileRef = 7F3A6841286C9CB30025418B /* zebra.mp4 */; };
		7F3A684E286CA0570025418B /* elephant.mp4 in Resources */ = {isa = PBXBuildFile; fileRef = 7F3A6842286C9CB30025418B /* elephant.mp4 */; };
		7F4F2DC528671F1C00783ABC /* AppDelegate.swift in Sources */ = {isa = PBXBuildFile; fileRef = 7F4F2DC428671F1C00783ABC /* AppDelegate.swift */; };
		7F4F2DC728671F1C00783ABC /* SceneDelegate.swift in Sources */ = {isa = PBXBuildFile; fileRef = 7F4F2DC628671F1C00783ABC /* SceneDelegate.swift */; };
		7F4F2DC928671F1C00783ABC /* ViewController.swift in Sources */ = {isa = PBXBuildFile; fileRef = 7F4F2DC828671F1C00783ABC /* ViewController.swift */; };
		7F4F2DCC28671F1C00783ABC /* Main.storyboard in Resources */ = {isa = PBXBuildFile; fileRef = 7F4F2DCA28671F1C00783ABC /* Main.storyboard */; };
		7F4F2DCE28671F1D00783ABC /* Assets.xcassets in Resources */ = {isa = PBXBuildFile; fileRef = 7F4F2DCD28671F1D00783ABC /* Assets.xcassets */; };
		7F4F2DD128671F1D00783ABC /* LaunchScreen.storyboard in Resources */ = {isa = PBXBuildFile; fileRef = 7F4F2DCF28671F1D00783ABC /* LaunchScreen.storyboard */; };
		7F4F2DD9286721BC00783ABC /* TabBarViewController.swift in Sources */ = {isa = PBXBuildFile; fileRef = 7F4F2DD8286721BC00783ABC /* TabBarViewController.swift */; };
		7F4F2DDB286721DE00783ABC /* SplashViewController.swift in Sources */ = {isa = PBXBuildFile; fileRef = 7F4F2DDA286721DE00783ABC /* SplashViewController.swift */; };
		7F58507B2869E63E00AD0EEC /* BrowseViewController.swift in Sources */ = {isa = PBXBuildFile; fileRef = 7F5850792869E63E00AD0EEC /* BrowseViewController.swift */; };
		7F58507C2869E63E00AD0EEC /* BrowseViewController.xib in Resources */ = {isa = PBXBuildFile; fileRef = 7F58507A2869E63E00AD0EEC /* BrowseViewController.xib */; };
		7F5850822869E66500AD0EEC /* WatchViewController.swift in Sources */ = {isa = PBXBuildFile; fileRef = 7F5850802869E66500AD0EEC /* WatchViewController.swift */; };
		7F5850832869E66500AD0EEC /* WatchViewController.xib in Resources */ = {isa = PBXBuildFile; fileRef = 7F5850812869E66500AD0EEC /* WatchViewController.xib */; };
		7F5850872869E67800AD0EEC /* LocationsViewController.swift in Sources */ = {isa = PBXBuildFile; fileRef = 7F5850852869E67800AD0EEC /* LocationsViewController.swift */; };
		7F5850882869E67800AD0EEC /* LocationsViewController.xib in Resources */ = {isa = PBXBuildFile; fileRef = 7F5850862869E67800AD0EEC /* LocationsViewController.xib */; };
		7F5850932869EA5100AD0EEC /* locations.json in Resources */ = {isa = PBXBuildFile; fileRef = 7F58508F2869EA5100AD0EEC /* locations.json */; };
		7F5850942869EA5100AD0EEC /* animals.json in Resources */ = {isa = PBXBuildFile; fileRef = 7F5850902869EA5100AD0EEC /* animals.json */; };
		7F5850952869EA5100AD0EEC /* videos.json in Resources */ = {isa = PBXBuildFile; fileRef = 7F5850912869EA5100AD0EEC /* videos.json */; };
		7F5850962869EA5100AD0EEC /* covers.json in Resources */ = {isa = PBXBuildFile; fileRef = 7F5850922869EA5100AD0EEC /* covers.json */; };
		7F58509A2869ED1B00AD0EEC /* AnimalCollectionViewCell.swift in Sources */ = {isa = PBXBuildFile; fileRef = 7F5850982869ED1B00AD0EEC /* AnimalCollectionViewCell.swift */; };
		7F58509B2869ED1B00AD0EEC /* AnimalCollectionViewCell.xib in Resources */ = {isa = PBXBuildFile; fileRef = 7F5850992869ED1B00AD0EEC /* AnimalCollectionViewCell.xib */; };
		7F58509D2869EEAA00AD0EEC /* BrowseView.swift in Sources */ = {isa = PBXBuildFile; fileRef = 7F58509C2869EEAA00AD0EEC /* BrowseView.swift */; };
		7F58509F2869EFDC00AD0EEC /* Bundle+Extension.swift in Sources */ = {isa = PBXBuildFile; fileRef = 7F58509E2869EFDC00AD0EEC /* Bundle+Extension.swift */; };
		7F5850A12869F02900AD0EEC /* Animal.swift in Sources */ = {isa = PBXBuildFile; fileRef = 7F5850A02869F02900AD0EEC /* Animal.swift */; };
		7F5850A32869F0F000AD0EEC /* BrowseModel.swift in Sources */ = {isa = PBXBuildFile; fileRef = 7F5850A22869F0F000AD0EEC /* BrowseModel.swift */; };
		7F7525FC286F2E69001A98AF /* cheetah.mp4 in Resources */ = {isa = PBXBuildFile; fileRef = 7F7525FB286F2E69001A98AF /* cheetah.mp4 */; };
		7F7525FE286F35B0001A98AF /* LocationsView.swift in Sources */ = {isa = PBXBuildFile; fileRef = 7F7525FD286F35B0001A98AF /* LocationsView.swift */; };
		7F752600286F35BB001A98AF /* LocationsModel.swift in Sources */ = {isa = PBXBuildFile; fileRef = 7F7525FF286F35BB001A98AF /* LocationsModel.swift */; };
		7F752602286F3710001A98AF /* Location.swift in Sources */ = {isa = PBXBuildFile; fileRef = 7F752601286F3710001A98AF /* Location.swift */; };
		7F752604286F3B18001A98AF /* AnimalAnnotationView.swift in Sources */ = {isa = PBXBuildFile; fileRef = 7F752603286F3B18001A98AF /* AnimalAnnotationView.swift */; };
		7FF0DFA92869F59400C94F5B /* HeroCollectionViewCell.swift in Sources */ = {isa = PBXBuildFile; fileRef = 7FF0DFA72869F59400C94F5B /* HeroCollectionViewCell.swift */; };
		7FF0DFAA2869F59400C94F5B /* HeroCollectionViewCell.xib in Resources */ = {isa = PBXBuildFile; fileRef = 7FF0DFA82869F59400C94F5B /* HeroCollectionViewCell.xib */; };
		7FF0DFAE2869F6ED00C94F5B /* ImageCollectionViewCell.swift in Sources */ = {isa = PBXBuildFile; fileRef = 7FF0DFAC2869F6ED00C94F5B /* ImageCollectionViewCell.swift */; };
		7FF0DFAF2869F6ED00C94F5B /* ImageCollectionViewCell.xib in Resources */ = {isa = PBXBuildFile; fileRef = 7FF0DFAD2869F6ED00C94F5B /* ImageCollectionViewCell.xib */; };
		7FF0DFB12869FA7D00C94F5B /* Constants.swift in Sources */ = {isa = PBXBuildFile; fileRef = 7FF0DFB02869FA7D00C94F5B /* Constants.swift */; };
		FC465E82286AD5EB000F304B /* WatchView.swift in Sources */ = {isa = PBXBuildFile; fileRef = FC465E81286AD5EB000F304B /* WatchView.swift */; };
		FC465E86286AD88F000F304B /* VideoCollectionViewCell.swift in Sources */ = {isa = PBXBuildFile; fileRef = FC465E84286AD88F000F304B /* VideoCollectionViewCell.swift */; };
		FC465E87286AD88F000F304B /* VideoCollectionViewCell.xib in Resources */ = {isa = PBXBuildFile; fileRef = FC465E85286AD88F000F304B /* VideoCollectionViewCell.xib */; };
		FC465E89286ADBD9000F304B /* WatchModel.swift in Sources */ = {isa = PBXBuildFile; fileRef = FC465E88286ADBD9000F304B /* WatchModel.swift */; };
		FC465E8B286ADD1B000F304B /* Watch.swift in Sources */ = {isa = PBXBuildFile; fileRef = FC465E8A286ADD1B000F304B /* Watch.swift */; };
		FC5BA002286C2080002BCFFD /* DetailsViewController.swift in Sources */ = {isa = PBXBuildFile; fileRef = FC5BA000286C2080002BCFFD /* DetailsViewController.swift */; };
		FC5BA003286C2080002BCFFD /* DetailsViewController.xib in Resources */ = {isa = PBXBuildFile; fileRef = FC5BA001286C2080002BCFFD /* DetailsViewController.xib */; };
		FC5BA008286C3C9B002BCFFD /* ImagesCollectionViewCell.swift in Sources */ = {isa = PBXBuildFile; fileRef = FC5BA006286C3C9B002BCFFD /* ImagesCollectionViewCell.swift */; };
		FC5BA009286C3C9B002BCFFD /* ImagesCollectionViewCell.xib in Resources */ = {isa = PBXBuildFile; fileRef = FC5BA007286C3C9B002BCFFD /* ImagesCollectionViewCell.xib */; };
		FC5BA00C286C3CDD002BCFFD /* QuotesCollectionViewCell.swift in Sources */ = {isa = PBXBuildFile; fileRef = FC5BA00A286C3CDD002BCFFD /* QuotesCollectionViewCell.swift */; };
		FC5BA00D286C3CDD002BCFFD /* QuotesCollectionViewCell.xib in Resources */ = {isa = PBXBuildFile; fileRef = FC5BA00B286C3CDD002BCFFD /* QuotesCollectionViewCell.xib */; };
		FC5BA00F286C4824002BCFFD /* DetailsView.swift in Sources */ = {isa = PBXBuildFile; fileRef = FC5BA00E286C4824002BCFFD /* DetailsView.swift */; };
		FC5BA011286C4876002BCFFD /* DetailsModel.swift in Sources */ = {isa = PBXBuildFile; fileRef = FC5BA010286C4876002BCFFD /* DetailsModel.swift */; };
/* End PBXBuildFile section */

/* Begin PBXFileReference section */
		7F3A6827286B3C1A0025418B /* GalleryViewController.swift */ = {isa = PBXFileReference; fileEncoding = 4; lastKnownFileType = sourcecode.swift; path = GalleryViewController.swift; sourceTree = "<group>"; };
		7F3A6828286B3C1A0025418B /* GalleryViewController.xib */ = {isa = PBXFileReference; fileEncoding = 4; lastKnownFileType = file.xib; path = GalleryViewController.xib; sourceTree = "<group>"; };
		7F3A682B286B3C240025418B /* GalleryModel.swift */ = {isa = PBXFileReference; fileEncoding = 4; lastKnownFileType = sourcecode.swift; path = GalleryModel.swift; sourceTree = "<group>"; };
		7F3A682C286B3C240025418B /* GalleryView.swift */ = {isa = PBXFileReference; fileEncoding = 4; lastKnownFileType = sourcecode.swift; path = GalleryView.swift; sourceTree = "<group>"; };
		7F3A6830286B3C3B0025418B /* AnimalImagesCollectionViewCell.xib */ = {isa = PBXFileReference; fileEncoding = 4; lastKnownFileType = file.xib; path = AnimalImagesCollectionViewCell.xib; sourceTree = "<group>"; };
		7F3A6831286B3C3B0025418B /* AnimalImagesCollectionViewCell.swift */ = {isa = PBXFileReference; fileEncoding = 4; lastKnownFileType = sourcecode.swift; path = AnimalImagesCollectionViewCell.swift; sourceTree = "<group>"; };
		7F3A6835286B3C750025418B /* BannerCollectionViewCell.swift */ = {isa = PBXFileReference; fileEncoding = 4; lastKnownFileType = sourcecode.swift; path = BannerCollectionViewCell.swift; sourceTree = "<group>"; };
		7F3A6836286B3C750025418B /* BannerCollectionViewCell.xib */ = {isa = PBXFileReference; fileEncoding = 4; lastKnownFileType = file.xib; path = BannerCollectionViewCell.xib; sourceTree = "<group>"; };
		7F3A683B286C9CB20025418B /* rhino.mp4 */ = {isa = PBXFileReference; lastKnownFileType = file; path = rhino.mp4; sourceTree = "<group>"; };
		7F3A683C286C9CB20025418B /* lioness.mp4 */ = {isa = PBXFileReference; lastKnownFileType = file; path = lioness.mp4; sourceTree = "<group>"; };
		7F3A683D286C9CB20025418B /* gorilla.mp4 */ = {isa = PBXFileReference; lastKnownFileType = file; path = gorilla.mp4; sourceTree = "<group>"; };
		7F3A683E286C9CB20025418B /* ostrich.mp4 */ = {isa = PBXFileReference; lastKnownFileType = file; path = ostrich.mp4; sourceTree = "<group>"; };
		7F3A683F286C9CB20025418B /* lion.mp4 */ = {isa = PBXFileReference; lastKnownFileType = file; path = lion.mp4; sourceTree = "<group>"; };
		7F3A6840286C9CB20025418B /* giraffe.mp4 */ = {isa = PBXFileReference; lastKnownFileType = file; path = giraffe.mp4; sourceTree = "<group>"; };
		7F3A6841286C9CB30025418B /* zebra.mp4 */ = {isa = PBXFileReference; lastKnownFileType = file; path = zebra.mp4; sourceTree = "<group>"; };
		7F3A6842286C9CB30025418B /* elephant.mp4 */ = {isa = PBXFileReference; lastKnownFileType = file; path = elephant.mp4; sourceTree = "<group>"; };
		7F3A6844286C9CB30025418B /* hippo.mp4 */ = {isa = PBXFileReference; lastKnownFileType = file; path = hippo.mp4; sourceTree = "<group>"; };
		7F4F2DC128671F1C00783ABC /* Animals-B3.app */ = {isa = PBXFileReference; explicitFileType = wrapper.application; includeInIndex = 0; path = "Animals-B3.app"; sourceTree = BUILT_PRODUCTS_DIR; };
		7F4F2DC428671F1C00783ABC /* AppDelegate.swift */ = {isa = PBXFileReference; lastKnownFileType = sourcecode.swift; path = AppDelegate.swift; sourceTree = "<group>"; };
		7F4F2DC628671F1C00783ABC /* SceneDelegate.swift */ = {isa = PBXFileReference; lastKnownFileType = sourcecode.swift; path = SceneDelegate.swift; sourceTree = "<group>"; };
		7F4F2DC828671F1C00783ABC /* ViewController.swift */ = {isa = PBXFileReference; lastKnownFileType = sourcecode.swift; path = ViewController.swift; sourceTree = "<group>"; };
		7F4F2DCB28671F1C00783ABC /* Base */ = {isa = PBXFileReference; lastKnownFileType = file.storyboard; name = Base; path = Base.lproj/Main.storyboard; sourceTree = "<group>"; };
		7F4F2DCD28671F1D00783ABC /* Assets.xcassets */ = {isa = PBXFileReference; lastKnownFileType = folder.assetcatalog; path = Assets.xcassets; sourceTree = "<group>"; };
		7F4F2DD028671F1D00783ABC /* Base */ = {isa = PBXFileReference; lastKnownFileType = file.storyboard; name = Base; path = Base.lproj/LaunchScreen.storyboard; sourceTree = "<group>"; };
		7F4F2DD228671F1D00783ABC /* Info.plist */ = {isa = PBXFileReference; lastKnownFileType = text.plist.xml; path = Info.plist; sourceTree = "<group>"; };
		7F4F2DD8286721BC00783ABC /* TabBarViewController.swift */ = {isa = PBXFileReference; lastKnownFileType = sourcecode.swift; path = TabBarViewController.swift; sourceTree = "<group>"; };
		7F4F2DDA286721DE00783ABC /* SplashViewController.swift */ = {isa = PBXFileReference; lastKnownFileType = sourcecode.swift; path = SplashViewController.swift; sourceTree = "<group>"; };
		7F5850792869E63E00AD0EEC /* BrowseViewController.swift */ = {isa = PBXFileReference; lastKnownFileType = sourcecode.swift; path = BrowseViewController.swift; sourceTree = "<group>"; };
		7F58507A2869E63E00AD0EEC /* BrowseViewController.xib */ = {isa = PBXFileReference; lastKnownFileType = file.xib; path = BrowseViewController.xib; sourceTree = "<group>"; };
		7F5850802869E66500AD0EEC /* WatchViewController.swift */ = {isa = PBXFileReference; lastKnownFileType = sourcecode.swift; path = WatchViewController.swift; sourceTree = "<group>"; };
		7F5850812869E66500AD0EEC /* WatchViewController.xib */ = {isa = PBXFileReference; lastKnownFileType = file.xib; path = WatchViewController.xib; sourceTree = "<group>"; };
		7F5850852869E67800AD0EEC /* LocationsViewController.swift */ = {isa = PBXFileReference; lastKnownFileType = sourcecode.swift; path = LocationsViewController.swift; sourceTree = "<group>"; };
		7F5850862869E67800AD0EEC /* LocationsViewController.xib */ = {isa = PBXFileReference; lastKnownFileType = file.xib; path = LocationsViewController.xib; sourceTree = "<group>"; };
		7F58508F2869EA5100AD0EEC /* locations.json */ = {isa = PBXFileReference; fileEncoding = 4; lastKnownFileType = text.json; path = locations.json; sourceTree = "<group>"; };
		7F5850902869EA5100AD0EEC /* animals.json */ = {isa = PBXFileReference; fileEncoding = 4; lastKnownFileType = text.json; path = animals.json; sourceTree = "<group>"; };
		7F5850912869EA5100AD0EEC /* videos.json */ = {isa = PBXFileReference; fileEncoding = 4; lastKnownFileType = text.json; path = videos.json; sourceTree = "<group>"; };
		7F5850922869EA5100AD0EEC /* covers.json */ = {isa = PBXFileReference; fileEncoding = 4; lastKnownFileType = text.json; path = covers.json; sourceTree = "<group>"; };
		7F5850982869ED1B00AD0EEC /* AnimalCollectionViewCell.swift */ = {isa = PBXFileReference; lastKnownFileType = sourcecode.swift; path = AnimalCollectionViewCell.swift; sourceTree = "<group>"; };
		7F5850992869ED1B00AD0EEC /* AnimalCollectionViewCell.xib */ = {isa = PBXFileReference; lastKnownFileType = file.xib; path = AnimalCollectionViewCell.xib; sourceTree = "<group>"; };
		7F58509C2869EEAA00AD0EEC /* BrowseView.swift */ = {isa = PBXFileReference; lastKnownFileType = sourcecode.swift; path = BrowseView.swift; sourceTree = "<group>"; };
		7F58509E2869EFDC00AD0EEC /* Bundle+Extension.swift */ = {isa = PBXFileReference; fileEncoding = 4; lastKnownFileType = sourcecode.swift; path = "Bundle+Extension.swift"; sourceTree = "<group>"; };
		7F5850A02869F02900AD0EEC /* Animal.swift */ = {isa = PBXFileReference; lastKnownFileType = sourcecode.swift; path = Animal.swift; sourceTree = "<group>"; };
		7F5850A22869F0F000AD0EEC /* BrowseModel.swift */ = {isa = PBXFileReference; lastKnownFileType = sourcecode.swift; path = BrowseModel.swift; sourceTree = "<group>"; };
		7F7525FB286F2E69001A98AF /* cheetah.mp4 */ = {isa = PBXFileReference; lastKnownFileType = file; path = cheetah.mp4; sourceTree = "<group>"; };
		7F7525FD286F35B0001A98AF /* LocationsView.swift */ = {isa = PBXFileReference; lastKnownFileType = sourcecode.swift; path = LocationsView.swift; sourceTree = "<group>"; };
		7F7525FF286F35BB001A98AF /* LocationsModel.swift */ = {isa = PBXFileReference; lastKnownFileType = sourcecode.swift; path = LocationsModel.swift; sourceTree = "<group>"; };
		7F752601286F3710001A98AF /* Location.swift */ = {isa = PBXFileReference; lastKnownFileType = sourcecode.swift; path = Location.swift; sourceTree = "<group>"; };
		7F752603286F3B18001A98AF /* AnimalAnnotationView.swift */ = {isa = PBXFileReference; lastKnownFileType = sourcecode.swift; path = AnimalAnnotationView.swift; sourceTree = "<group>"; };
		7FF0DFA72869F59400C94F5B /* HeroCollectionViewCell.swift */ = {isa = PBXFileReference; lastKnownFileType = sourcecode.swift; path = HeroCollectionViewCell.swift; sourceTree = "<group>"; };
		7FF0DFA82869F59400C94F5B /* HeroCollectionViewCell.xib */ = {isa = PBXFileReference; lastKnownFileType = file.xib; path = HeroCollectionViewCell.xib; sourceTree = "<group>"; };
		7FF0DFAC2869F6ED00C94F5B /* ImageCollectionViewCell.swift */ = {isa = PBXFileReference; lastKnownFileType = sourcecode.swift; path = ImageCollectionViewCell.swift; sourceTree = "<group>"; };
		7FF0DFAD2869F6ED00C94F5B /* ImageCollectionViewCell.xib */ = {isa = PBXFileReference; lastKnownFileType = file.xib; path = ImageCollectionViewCell.xib; sourceTree = "<group>"; };
		7FF0DFB02869FA7D00C94F5B /* Constants.swift */ = {isa = PBXFileReference; lastKnownFileType = sourcecode.swift; path = Constants.swift; sourceTree = "<group>"; };
		FC465E81286AD5EB000F304B /* WatchView.swift */ = {isa = PBXFileReference; lastKnownFileType = sourcecode.swift; path = WatchView.swift; sourceTree = "<group>"; };
		FC465E84286AD88F000F304B /* VideoCollectionViewCell.swift */ = {isa = PBXFileReference; lastKnownFileType = sourcecode.swift; path = VideoCollectionViewCell.swift; sourceTree = "<group>"; };
		FC465E85286AD88F000F304B /* VideoCollectionViewCell.xib */ = {isa = PBXFileReference; lastKnownFileType = file.xib; path = VideoCollectionViewCell.xib; sourceTree = "<group>"; };
		FC465E88286ADBD9000F304B /* WatchModel.swift */ = {isa = PBXFileReference; lastKnownFileType = sourcecode.swift; path = WatchModel.swift; sourceTree = "<group>"; };
		FC465E8A286ADD1B000F304B /* Watch.swift */ = {isa = PBXFileReference; lastKnownFileType = sourcecode.swift; path = Watch.swift; sourceTree = "<group>"; };
		FC5BA000286C2080002BCFFD /* DetailsViewController.swift */ = {isa = PBXFileReference; lastKnownFileType = sourcecode.swift; path = DetailsViewController.swift; sourceTree = "<group>"; };
		FC5BA001286C2080002BCFFD /* DetailsViewController.xib */ = {isa = PBXFileReference; lastKnownFileType = file.xib; path = DetailsViewController.xib; sourceTree = "<group>"; };
		FC5BA006286C3C9B002BCFFD /* ImagesCollectionViewCell.swift */ = {isa = PBXFileReference; lastKnownFileType = sourcecode.swift; path = ImagesCollectionViewCell.swift; sourceTree = "<group>"; };
		FC5BA007286C3C9B002BCFFD /* ImagesCollectionViewCell.xib */ = {isa = PBXFileReference; lastKnownFileType = file.xib; path = ImagesCollectionViewCell.xib; sourceTree = "<group>"; };
		FC5BA00A286C3CDD002BCFFD /* QuotesCollectionViewCell.swift */ = {isa = PBXFileReference; lastKnownFileType = sourcecode.swift; path = QuotesCollectionViewCell.swift; sourceTree = "<group>"; };
		FC5BA00B286C3CDD002BCFFD /* QuotesCollectionViewCell.xib */ = {isa = PBXFileReference; lastKnownFileType = file.xib; path = QuotesCollectionViewCell.xib; sourceTree = "<group>"; };
		FC5BA00E286C4824002BCFFD /* DetailsView.swift */ = {isa = PBXFileReference; lastKnownFileType = sourcecode.swift; path = DetailsView.swift; sourceTree = "<group>"; };
		FC5BA010286C4876002BCFFD /* DetailsModel.swift */ = {isa = PBXFileReference; lastKnownFileType = sourcecode.swift; path = DetailsModel.swift; sourceTree = "<group>"; };
/* End PBXFileReference section */

/* Begin PBXFrameworksBuildPhase section */
		7F4F2DBE28671F1C00783ABC /* Frameworks */ = {
			isa = PBXFrameworksBuildPhase;
			buildActionMask = 2147483647;
			files = (
			);
			runOnlyForDeploymentPostprocessing = 0;
		};
/* End PBXFrameworksBuildPhase section */

/* Begin PBXGroup section */
		7F3A682F286B3C2F0025418B /* AnimalImagesCell */ = {
			isa = PBXGroup;
			children = (
				7F3A6831286B3C3B0025418B /* AnimalImagesCollectionViewCell.swift */,
				7F3A6830286B3C3B0025418B /* AnimalImagesCollectionViewCell.xib */,
			);
			path = AnimalImagesCell;
			sourceTree = "<group>";
		};
		7F3A6834286B3C660025418B /* BannerCell */ = {
			isa = PBXGroup;
			children = (
				7F3A6835286B3C750025418B /* BannerCollectionViewCell.swift */,
				7F3A6836286B3C750025418B /* BannerCollectionViewCell.xib */,
			);
			path = BannerCell;
			sourceTree = "<group>";
		};
		7F3A6839286C9C890025418B /* Videos */ = {
			isa = PBXGroup;
			children = (
				7F7525FB286F2E69001A98AF /* cheetah.mp4 */,
				7F3A6842286C9CB30025418B /* elephant.mp4 */,
				7F3A6840286C9CB20025418B /* giraffe.mp4 */,
				7F3A683D286C9CB20025418B /* gorilla.mp4 */,
				7F3A6844286C9CB30025418B /* hippo.mp4 */,
				7F3A683F286C9CB20025418B /* lion.mp4 */,
				7F3A683C286C9CB20025418B /* lioness.mp4 */,
				7F3A683E286C9CB20025418B /* ostrich.mp4 */,
				7F3A683B286C9CB20025418B /* rhino.mp4 */,
				7F3A6841286C9CB30025418B /* zebra.mp4 */,
			);
			path = Videos;
			sourceTree = "<group>";
		};
		7F4F2DB828671F1C00783ABC = {
			isa = PBXGroup;
			children = (
				7F4F2DC328671F1C00783ABC /* Animals-B3 */,
				7F4F2DC228671F1C00783ABC /* Products */,
			);
			sourceTree = "<group>";
		};
		7F4F2DC228671F1C00783ABC /* Products */ = {
			isa = PBXGroup;
			children = (
				7F4F2DC128671F1C00783ABC /* Animals-B3.app */,
			);
			name = Products;
			sourceTree = "<group>";
		};
		7F4F2DC328671F1C00783ABC /* Animals-B3 */ = {
			isa = PBXGroup;
			children = (
				7F4F2DC428671F1C00783ABC /* AppDelegate.swift */,
				7F4F2DC628671F1C00783ABC /* SceneDelegate.swift */,
				7F4F2DC828671F1C00783ABC /* ViewController.swift */,
				7F4F2DD8286721BC00783ABC /* TabBarViewController.swift */,
				7F4F2DDA286721DE00783ABC /* SplashViewController.swift */,
				7F58509E2869EFDC00AD0EEC /* Bundle+Extension.swift */,
				7FF0DFB02869FA7D00C94F5B /* Constants.swift */,
				7F3A6839286C9C890025418B /* Videos */,
				7F58508E2869EA4600AD0EEC /* JsonFiles */,
				FC465E9B286B0C80000F304B /* Gallery */,
				7F5850842869E66C00AD0EEC /* Locations */,
				7F58507D2869E64100AD0EEC /* Watch */,
				7F4F2DE12869E5FC00783ABC /* Browse */,
				FC5BA004286C3C60002BCFFD /* Details */,
				7F4F2DCA28671F1C00783ABC /* Main.storyboard */,
				7F4F2DCD28671F1D00783ABC /* Assets.xcassets */,
				7F4F2DCF28671F1D00783ABC /* LaunchScreen.storyboard */,
				7F4F2DD228671F1D00783ABC /* Info.plist */,
			);
			path = "Animals-B3";
			sourceTree = "<group>";
		};
		7F4F2DE12869E5FC00783ABC /* Browse */ = {
			isa = PBXGroup;
			children = (
				7F5850792869E63E00AD0EEC /* BrowseViewController.swift */,
				7F58507A2869E63E00AD0EEC /* BrowseViewController.xib */,
				7F58509C2869EEAA00AD0EEC /* BrowseView.swift */,
				7F5850A22869F0F000AD0EEC /* BrowseModel.swift */,
				7F5850A02869F02900AD0EEC /* Animal.swift */,
				7FF0DFAB2869F6DC00C94F5B /* Image */,
				7F5850A42869F54900AD0EEC /* HeroCell */,
				7F5850972869ED0200AD0EEC /* AnimalCell */,
			);
			path = Browse;
			sourceTree = "<group>";
		};
		7F58507D2869E64100AD0EEC /* Watch */ = {
			isa = PBXGroup;
			children = (
				7F5850802869E66500AD0EEC /* WatchViewController.swift */,
				7F5850812869E66500AD0EEC /* WatchViewController.xib */,
				FC465E81286AD5EB000F304B /* WatchView.swift */,
				FC465E88286ADBD9000F304B /* WatchModel.swift */,
				FC465E8A286ADD1B000F304B /* Watch.swift */,
				FC465E83286AD859000F304B /* VideoCell */,
			);
			path = Watch;
			sourceTree = "<group>";
		};
		7F5850842869E66C00AD0EEC /* Locations */ = {
			isa = PBXGroup;
			children = (
				7F5850852869E67800AD0EEC /* LocationsViewController.swift */,
				7F5850862869E67800AD0EEC /* LocationsViewController.xib */,
				7F7525FD286F35B0001A98AF /* LocationsView.swift */,
				7F7525FF286F35BB001A98AF /* LocationsModel.swift */,
				7F752601286F3710001A98AF /* Location.swift */,
				7F752603286F3B18001A98AF /* AnimalAnnotationView.swift */,
			);
			path = Locations;
			sourceTree = "<group>";
		};
		7F58508E2869EA4600AD0EEC /* JsonFiles */ = {
			isa = PBXGroup;
			children = (
				7F5850902869EA5100AD0EEC /* animals.json */,
				7F5850922869EA5100AD0EEC /* covers.json */,
				7F58508F2869EA5100AD0EEC /* locations.json */,
				7F5850912869EA5100AD0EEC /* videos.json */,
			);
			path = JsonFiles;
			sourceTree = "<group>";
		};
		7F5850972869ED0200AD0EEC /* AnimalCell */ = {
			isa = PBXGroup;
			children = (
				7F5850982869ED1B00AD0EEC /* AnimalCollectionViewCell.swift */,
				7F5850992869ED1B00AD0EEC /* AnimalCollectionViewCell.xib */,
			);
			path = AnimalCell;
			sourceTree = "<group>";
		};
		7F5850A42869F54900AD0EEC /* HeroCell */ = {
			isa = PBXGroup;
			children = (
				7FF0DFA72869F59400C94F5B /* HeroCollectionViewCell.swift */,
				7FF0DFA82869F59400C94F5B /* HeroCollectionViewCell.xib */,
			);
			path = HeroCell;
			sourceTree = "<group>";
		};
		7FF0DFAB2869F6DC00C94F5B /* Image */ = {
			isa = PBXGroup;
			children = (
				7FF0DFAC2869F6ED00C94F5B /* ImageCollectionViewCell.swift */,
				7FF0DFAD2869F6ED00C94F5B /* ImageCollectionViewCell.xib */,
			);
			path = Image;
			sourceTree = "<group>";
		};
		FC465E83286AD859000F304B /* VideoCell */ = {
			isa = PBXGroup;
			children = (
				FC465E84286AD88F000F304B /* VideoCollectionViewCell.swift */,
				FC465E85286AD88F000F304B /* VideoCollectionViewCell.xib */,
			);
			path = VideoCell;
			sourceTree = "<group>";
		};
		FC465E9B286B0C80000F304B /* Gallery */ = {
			isa = PBXGroup;
			children = (
				7F3A6827286B3C1A0025418B /* GalleryViewController.swift */,
				7F3A6828286B3C1A0025418B /* GalleryViewController.xib */,
				7F3A682B286B3C240025418B /* GalleryModel.swift */,
				7F3A682C286B3C240025418B /* GalleryView.swift */,
				7F3A6834286B3C660025418B /* BannerCell */,
				7F3A682F286B3C2F0025418B /* AnimalImagesCell */,
			);
			path = Gallery;
			sourceTree = "<group>";
		};
		FC5BA004286C3C60002BCFFD /* Details */ = {
			isa = PBXGroup;
			children = (
				FC5BA000286C2080002BCFFD /* DetailsViewController.swift */,
				FC5BA001286C2080002BCFFD /* DetailsViewController.xib */,
				FC5BA00E286C4824002BCFFD /* DetailsView.swift */,
				FC5BA010286C4876002BCFFD /* DetailsModel.swift */,
				FC5BA005286C3C74002BCFFD /* DetailsCell */,
			);
			path = Details;
			sourceTree = "<group>";
		};
		FC5BA005286C3C74002BCFFD /* DetailsCell */ = {
			isa = PBXGroup;
			children = (
				FC5BA006286C3C9B002BCFFD /* ImagesCollectionViewCell.swift */,
				FC5BA007286C3C9B002BCFFD /* ImagesCollectionViewCell.xib */,
				FC5BA00A286C3CDD002BCFFD /* QuotesCollectionViewCell.swift */,
				FC5BA00B286C3CDD002BCFFD /* QuotesCollectionViewCell.xib */,
			);
			path = DetailsCell;
			sourceTree = "<group>";
		};
/* End PBXGroup section */

/* Begin PBXNativeTarget section */
		7F4F2DC028671F1C00783ABC /* Animals-B3 */ = {
			isa = PBXNativeTarget;
			buildConfigurationList = 7F4F2DD528671F1D00783ABC /* Build configuration list for PBXNativeTarget "Animals-B3" */;
			buildPhases = (
				7F4F2DBD28671F1C00783ABC /* Sources */,
				7F4F2DBE28671F1C00783ABC /* Frameworks */,
				7F4F2DBF28671F1C00783ABC /* Resources */,
			);
			buildRules = (
			);
			dependencies = (
			);
			name = "Animals-B3";
			productName = "Animals-B3";
			productReference = 7F4F2DC128671F1C00783ABC /* Animals-B3.app */;
			productType = "com.apple.product-type.application";
		};
/* End PBXNativeTarget section */

/* Begin PBXProject section */
		7F4F2DB928671F1C00783ABC /* Project object */ = {
			isa = PBXProject;
			attributes = {
				BuildIndependentTargetsInParallel = 1;
				LastSwiftUpdateCheck = 1330;
				LastUpgradeCheck = 1330;
				TargetAttributes = {
					7F4F2DC028671F1C00783ABC = {
						CreatedOnToolsVersion = 13.3;
					};
				};
			};
			buildConfigurationList = 7F4F2DBC28671F1C00783ABC /* Build configuration list for PBXProject "Animals-B3" */;
			compatibilityVersion = "Xcode 13.0";
			developmentRegion = en;
			hasScannedForEncodings = 0;
			knownRegions = (
				en,
				Base,
			);
			mainGroup = 7F4F2DB828671F1C00783ABC;
			productRefGroup = 7F4F2DC228671F1C00783ABC /* Products */;
			projectDirPath = "";
			projectRoot = "";
			targets = (
				7F4F2DC028671F1C00783ABC /* Animals-B3 */,
			);
		};
/* End PBXProject section */

/* Begin PBXResourcesBuildPhase section */
		7F4F2DBF28671F1C00783ABC /* Resources */ = {
			isa = PBXResourcesBuildPhase;
			buildActionMask = 2147483647;
			files = (
				7F3A6848286CA0570025418B /* rhino.mp4 in Resources */,
				7F4F2DD128671F1D00783ABC /* LaunchScreen.storyboard in Resources */,
				FC5BA00D286C3CDD002BCFFD /* QuotesCollectionViewCell.xib in Resources */,
				7F3A6847286CA0570025418B /* lioness.mp4 in Resources */,
				7F5850962869EA5100AD0EEC /* covers.json in Resources */,
				7F3A6849286CA0570025418B /* hippo.mp4 in Resources */,
				7F3A684A286CA0570025418B /* ostrich.mp4 in Resources */,
				7F58509B2869ED1B00AD0EEC /* AnimalCollectionViewCell.xib in Resources */,
				7F3A684E286CA0570025418B /* elephant.mp4 in Resources */,
				7FF0DFAA2869F59400C94F5B /* HeroCollectionViewCell.xib in Resources */,
				7F3A684C286CA0570025418B /* lion.mp4 in Resources */,
				7F3A684D286CA0570025418B /* zebra.mp4 in Resources */,
				7F3A6845286CA04F0025418B /* giraffe.mp4 in Resources */,
				7F4F2DCE28671F1D00783ABC /* Assets.xcassets in Resources */,
				7F5850932869EA5100AD0EEC /* locations.json in Resources */,
				7F58507C2869E63E00AD0EEC /* BrowseViewController.xib in Resources */,
				7F5850882869E67800AD0EEC /* LocationsViewController.xib in Resources */,
				7F3A6846286CA0570025418B /* gorilla.mp4 in Resources */,
				7F4F2DCC28671F1C00783ABC /* Main.storyboard in Resources */,
				7F5850942869EA5100AD0EEC /* animals.json in Resources */,
				7F3A6832286B3C3B0025418B /* AnimalImagesCollectionViewCell.xib in Resources */,
				7F3A682A286B3C1A0025418B /* GalleryViewController.xib in Resources */,
				7FF0DFAF2869F6ED00C94F5B /* ImageCollectionViewCell.xib in Resources */,
				7F5850952869EA5100AD0EEC /* videos.json in Resources */,
				FC465E87286AD88F000F304B /* VideoCollectionViewCell.xib in Resources */,
				7F3A6838286B3C750025418B /* BannerCollectionViewCell.xib in Resources */,
				7F7525FC286F2E69001A98AF /* cheetah.mp4 in Resources */,
				7F5850832869E66500AD0EEC /* WatchViewController.xib in Resources */,
				FC5BA003286C2080002BCFFD /* DetailsViewController.xib in Resources */,
				FC5BA009286C3C9B002BCFFD /* ImagesCollectionViewCell.xib in Resources */,
			);
			runOnlyForDeploymentPostprocessing = 0;
		};
/* End PBXResourcesBuildPhase section */

/* Begin PBXSourcesBuildPhase section */
		7F4F2DBD28671F1C00783ABC /* Sources */ = {
			isa = PBXSourcesBuildPhase;
			buildActionMask = 2147483647;
			files = (
				7F58507B2869E63E00AD0EEC /* BrowseViewController.swift in Sources */,
				7F752602286F3710001A98AF /* Location.swift in Sources */,
				FC465E8B286ADD1B000F304B /* Watch.swift in Sources */,
				7FF0DFB12869FA7D00C94F5B /* Constants.swift in Sources */,
				FC5BA00F286C4824002BCFFD /* DetailsView.swift in Sources */,
				FC465E82286AD5EB000F304B /* WatchView.swift in Sources */,
				7F4F2DD9286721BC00783ABC /* TabBarViewController.swift in Sources */,
				7FF0DFAE2869F6ED00C94F5B /* ImageCollectionViewCell.swift in Sources */,
				7F3A6833286B3C3B0025418B /* AnimalImagesCollectionViewCell.swift in Sources */,
				7F4F2DC928671F1C00783ABC /* ViewController.swift in Sources */,
				7F5850A12869F02900AD0EEC /* Animal.swift in Sources */,
				7F3A682D286B3C240025418B /* GalleryModel.swift in Sources */,
				FC465E89286ADBD9000F304B /* WatchModel.swift in Sources */,
				7F752600286F35BB001A98AF /* LocationsModel.swift in Sources */,
				FC5BA002286C2080002BCFFD /* DetailsViewController.swift in Sources */,
				FC465E86286AD88F000F304B /* VideoCollectionViewCell.swift in Sources */,
				7F5850872869E67800AD0EEC /* LocationsViewController.swift in Sources */,
				7F58509A2869ED1B00AD0EEC /* AnimalCollectionViewCell.swift in Sources */,
				7F4F2DC528671F1C00783ABC /* AppDelegate.swift in Sources */,
				FC5BA008286C3C9B002BCFFD /* ImagesCollectionViewCell.swift in Sources */,
				7F5850A32869F0F000AD0EEC /* BrowseModel.swift in Sources */,
				7F4F2DC728671F1C00783ABC /* SceneDelegate.swift in Sources */,
				7F3A682E286B3C240025418B /* GalleryView.swift in Sources */,
				7F3A6837286B3C750025418B /* BannerCollectionViewCell.swift in Sources */,
				FC5BA00C286C3CDD002BCFFD /* QuotesCollectionViewCell.swift in Sources */,
				7F3A6829286B3C1A0025418B /* GalleryViewController.swift in Sources */,
				7F7525FE286F35B0001A98AF /* LocationsView.swift in Sources */,
				7F752604286F3B18001A98AF /* AnimalAnnotationView.swift in Sources */,
				7F58509F2869EFDC00AD0EEC /* Bundle+Extension.swift in Sources */,
				7FF0DFA92869F59400C94F5B /* HeroCollectionViewCell.swift in Sources */,
				7F58509D2869EEAA00AD0EEC /* BrowseView.swift in Sources */,
				7F4F2DDB286721DE00783ABC /* SplashViewController.swift in Sources */,
				FC5BA011286C4876002BCFFD /* DetailsModel.swift in Sources */,
				7F5850822869E66500AD0EEC /* WatchViewController.swift in Sources */,
			);
			runOnlyForDeploymentPostprocessing = 0;
		};
/* End PBXSourcesBuildPhase section */

/* Begin PBXVariantGroup section */
		7F4F2DCA28671F1C00783ABC /* Main.storyboard */ = {
			isa = PBXVariantGroup;
			children = (
				7F4F2DCB28671F1C00783ABC /* Base */,
			);
			name = Main.storyboard;
			sourceTree = "<group>";
		};
		7F4F2DCF28671F1D00783ABC /* LaunchScreen.storyboard */ = {
			isa = PBXVariantGroup;
			children = (
				7F4F2DD028671F1D00783ABC /* Base */,
			);
			name = LaunchScreen.storyboard;
			sourceTree = "<group>";
		};
/* End PBXVariantGroup section */

/* Begin XCBuildConfiguration section */
		7F4F2DD328671F1D00783ABC /* Debug */ = {
			isa = XCBuildConfiguration;
			buildSettings = {
				ALWAYS_SEARCH_USER_PATHS = NO;
				CLANG_ANALYZER_NONNULL = YES;
				CLANG_ANALYZER_NUMBER_OBJECT_CONVERSION = YES_AGGRESSIVE;
				CLANG_CXX_LANGUAGE_STANDARD = "gnu++17";
				CLANG_ENABLE_MODULES = YES;
				CLANG_ENABLE_OBJC_ARC = YES;
				CLANG_ENABLE_OBJC_WEAK = YES;
				CLANG_WARN_BLOCK_CAPTURE_AUTORELEASING = YES;
				CLANG_WARN_BOOL_CONVERSION = YES;
				CLANG_WARN_COMMA = YES;
				CLANG_WARN_CONSTANT_CONVERSION = YES;
				CLANG_WARN_DEPRECATED_OBJC_IMPLEMENTATIONS = YES;
				CLANG_WARN_DIRECT_OBJC_ISA_USAGE = YES_ERROR;
				CLANG_WARN_DOCUMENTATION_COMMENTS = YES;
				CLANG_WARN_EMPTY_BODY = YES;
				CLANG_WARN_ENUM_CONVERSION = YES;
				CLANG_WARN_INFINITE_RECURSION = YES;
				CLANG_WARN_INT_CONVERSION = YES;
				CLANG_WARN_NON_LITERAL_NULL_CONVERSION = YES;
				CLANG_WARN_OBJC_IMPLICIT_RETAIN_SELF = YES;
				CLANG_WARN_OBJC_LITERAL_CONVERSION = YES;
				CLANG_WARN_OBJC_ROOT_CLASS = YES_ERROR;
				CLANG_WARN_QUOTED_INCLUDE_IN_FRAMEWORK_HEADER = YES;
				CLANG_WARN_RANGE_LOOP_ANALYSIS = YES;
				CLANG_WARN_STRICT_PROTOTYPES = YES;
				CLANG_WARN_SUSPICIOUS_MOVE = YES;
				CLANG_WARN_UNGUARDED_AVAILABILITY = YES_AGGRESSIVE;
				CLANG_WARN_UNREACHABLE_CODE = YES;
				CLANG_WARN__DUPLICATE_METHOD_MATCH = YES;
				COPY_PHASE_STRIP = NO;
				DEBUG_INFORMATION_FORMAT = dwarf;
				ENABLE_STRICT_OBJC_MSGSEND = YES;
				ENABLE_TESTABILITY = YES;
				GCC_C_LANGUAGE_STANDARD = gnu11;
				GCC_DYNAMIC_NO_PIC = NO;
				GCC_NO_COMMON_BLOCKS = YES;
				GCC_OPTIMIZATION_LEVEL = 0;
				GCC_PREPROCESSOR_DEFINITIONS = (
					"DEBUG=1",
					"$(inherited)",
				);
				GCC_WARN_64_TO_32_BIT_CONVERSION = YES;
				GCC_WARN_ABOUT_RETURN_TYPE = YES_ERROR;
				GCC_WARN_UNDECLARED_SELECTOR = YES;
				GCC_WARN_UNINITIALIZED_AUTOS = YES_AGGRESSIVE;
				GCC_WARN_UNUSED_FUNCTION = YES;
				GCC_WARN_UNUSED_VARIABLE = YES;
				IPHONEOS_DEPLOYMENT_TARGET = 15.4;
				MTL_ENABLE_DEBUG_INFO = INCLUDE_SOURCE;
				MTL_FAST_MATH = YES;
				ONLY_ACTIVE_ARCH = YES;
				SDKROOT = iphoneos;
				SWIFT_ACTIVE_COMPILATION_CONDITIONS = DEBUG;
				SWIFT_OPTIMIZATION_LEVEL = "-Onone";
			};
			name = Debug;
		};
		7F4F2DD428671F1D00783ABC /* Release */ = {
			isa = XCBuildConfiguration;
			buildSettings = {
				ALWAYS_SEARCH_USER_PATHS = NO;
				CLANG_ANALYZER_NONNULL = YES;
				CLANG_ANALYZER_NUMBER_OBJECT_CONVERSION = YES_AGGRESSIVE;
				CLANG_CXX_LANGUAGE_STANDARD = "gnu++17";
				CLANG_ENABLE_MODULES = YES;
				CLANG_ENABLE_OBJC_ARC = YES;
				CLANG_ENABLE_OBJC_WEAK = YES;
				CLANG_WARN_BLOCK_CAPTURE_AUTORELEASING = YES;
				CLANG_WARN_BOOL_CONVERSION = YES;
				CLANG_WARN_COMMA = YES;
				CLANG_WARN_CONSTANT_CONVERSION = YES;
				CLANG_WARN_DEPRECATED_OBJC_IMPLEMENTATIONS = YES;
				CLANG_WARN_DIRECT_OBJC_ISA_USAGE = YES_ERROR;
				CLANG_WARN_DOCUMENTATION_COMMENTS = YES;
				CLANG_WARN_EMPTY_BODY = YES;
				CLANG_WARN_ENUM_CONVERSION = YES;
				CLANG_WARN_INFINITE_RECURSION = YES;
				CLANG_WARN_INT_CONVERSION = YES;
				CLANG_WARN_NON_LITERAL_NULL_CONVERSION = YES;
				CLANG_WARN_OBJC_IMPLICIT_RETAIN_SELF = YES;
				CLANG_WARN_OBJC_LITERAL_CONVERSION = YES;
				CLANG_WARN_OBJC_ROOT_CLASS = YES_ERROR;
				CLANG_WARN_QUOTED_INCLUDE_IN_FRAMEWORK_HEADER = YES;
				CLANG_WARN_RANGE_LOOP_ANALYSIS = YES;
				CLANG_WARN_STRICT_PROTOTYPES = YES;
				CLANG_WARN_SUSPICIOUS_MOVE = YES;
				CLANG_WARN_UNGUARDED_AVAILABILITY = YES_AGGRESSIVE;
				CLANG_WARN_UNREACHABLE_CODE = YES;
				CLANG_WARN__DUPLICATE_METHOD_MATCH = YES;
				COPY_PHASE_STRIP = NO;
				DEBUG_INFORMATION_FORMAT = "dwarf-with-dsym";
				ENABLE_NS_ASSERTIONS = NO;
				ENABLE_STRICT_OBJC_MSGSEND = YES;
				GCC_C_LANGUAGE_STANDARD = gnu11;
				GCC_NO_COMMON_BLOCKS = YES;
				GCC_WARN_64_TO_32_BIT_CONVERSION = YES;
				GCC_WARN_ABOUT_RETURN_TYPE = YES_ERROR;
				GCC_WARN_UNDECLARED_SELECTOR = YES;
				GCC_WARN_UNINITIALIZED_AUTOS = YES_AGGRESSIVE;
				GCC_WARN_UNUSED_FUNCTION = YES;
				GCC_WARN_UNUSED_VARIABLE = YES;
				IPHONEOS_DEPLOYMENT_TARGET = 15.4;
				MTL_ENABLE_DEBUG_INFO = NO;
				MTL_FAST_MATH = YES;
				SDKROOT = iphoneos;
				SWIFT_COMPILATION_MODE = wholemodule;
				SWIFT_OPTIMIZATION_LEVEL = "-O";
				VALIDATE_PRODUCT = YES;
			};
			name = Release;
		};
		7F4F2DD628671F1D00783ABC /* Debug */ = {
			isa = XCBuildConfiguration;
			buildSettings = {
				ASSETCATALOG_COMPILER_APPICON_NAME = AppIcon;
				ASSETCATALOG_COMPILER_GLOBAL_ACCENT_COLOR_NAME = AccentColor;
				CODE_SIGN_STYLE = Automatic;
				CURRENT_PROJECT_VERSION = 1;
				DEVELOPMENT_TEAM = L2Z5JFXQ85;
				GENERATE_INFOPLIST_FILE = YES;
				INFOPLIST_FILE = "Animals-B3/Info.plist";
				INFOPLIST_KEY_UIApplicationSupportsIndirectInputEvents = YES;
				INFOPLIST_KEY_UILaunchStoryboardName = LaunchScreen;
				INFOPLIST_KEY_UIMainStoryboardFile = Main;
				INFOPLIST_KEY_UISupportedInterfaceOrientations_iPad = "UIInterfaceOrientationPortrait UIInterfaceOrientationPortraitUpsideDown UIInterfaceOrientationLandscapeLeft UIInterfaceOrientationLandscapeRight";
				INFOPLIST_KEY_UISupportedInterfaceOrientations_iPhone = "UIInterfaceOrientationPortrait UIInterfaceOrientationLandscapeLeft UIInterfaceOrientationLandscapeRight";
				LD_RUNPATH_SEARCH_PATHS = (
					"$(inherited)",
					"@executable_path/Frameworks",
				);
				MARKETING_VERSION = 1.0;
				PRODUCT_BUNDLE_IDENTIFIER = "com.saikiran.panuganti.Animals-B3";
				PRODUCT_NAME = "$(TARGET_NAME)";
				SWIFT_EMIT_LOC_STRINGS = YES;
				SWIFT_VERSION = 5.0;
				TARGETED_DEVICE_FAMILY = "1,2";
			};
			name = Debug;
		};
		7F4F2DD728671F1D00783ABC /* Release */ = {
			isa = XCBuildConfiguration;
			buildSettings = {
				ASSETCATALOG_COMPILER_APPICON_NAME = AppIcon;
				ASSETCATALOG_COMPILER_GLOBAL_ACCENT_COLOR_NAME = AccentColor;
				CODE_SIGN_STYLE = Automatic;
				CURRENT_PROJECT_VERSION = 1;
				DEVELOPMENT_TEAM = L2Z5JFXQ85;
				GENERATE_INFOPLIST_FILE = YES;
				INFOPLIST_FILE = "Animals-B3/Info.plist";
				INFOPLIST_KEY_UIApplicationSupportsIndirectInputEvents = YES;
				INFOPLIST_KEY_UILaunchStoryboardName = LaunchScreen;
				INFOPLIST_KEY_UIMainStoryboardFile = Main;
				INFOPLIST_KEY_UISupportedInterfaceOrientations_iPad = "UIInterfaceOrientationPortrait UIInterfaceOrientationPortraitUpsideDown UIInterfaceOrientationLandscapeLeft UIInterfaceOrientationLandscapeRight";
				INFOPLIST_KEY_UISupportedInterfaceOrientations_iPhone = "UIInterfaceOrientationPortrait UIInterfaceOrientationLandscapeLeft UIInterfaceOrientationLandscapeRight";
				LD_RUNPATH_SEARCH_PATHS = (
					"$(inherited)",
					"@executable_path/Frameworks",
				);
				MARKETING_VERSION = 1.0;
				PRODUCT_BUNDLE_IDENTIFIER = "com.saikiran.panuganti.Animals-B3";
				PRODUCT_NAME = "$(TARGET_NAME)";
				SWIFT_EMIT_LOC_STRINGS = YES;
				SWIFT_VERSION = 5.0;
				TARGETED_DEVICE_FAMILY = "1,2";
			};
			name = Release;
		};
/* End XCBuildConfiguration section */

/* Begin XCConfigurationList section */
		7F4F2DBC28671F1C00783ABC /* Build configuration list for PBXProject "Animals-B3" */ = {
			isa = XCConfigurationList;
			buildConfigurations = (
				7F4F2DD328671F1D00783ABC /* Debug */,
				7F4F2DD428671F1D00783ABC /* Release */,
			);
			defaultConfigurationIsVisible = 0;
			defaultConfigurationName = Release;
		};
		7F4F2DD528671F1D00783ABC /* Build configuration list for PBXNativeTarget "Animals-B3" */ = {
			isa = XCConfigurationList;
			buildConfigurations = (
				7F4F2DD628671F1D00783ABC /* Debug */,
				7F4F2DD728671F1D00783ABC /* Release */,
			);
			defaultConfigurationIsVisible = 0;
			defaultConfigurationName = Release;
		};
/* End XCConfigurationList section */
	};
	rootObject = 7F4F2DB928671F1C00783ABC /* Project object */;
}
